// !$*UTF8*$!
{
	archiveVersion = 1;
	classes = {
	};
	objectVersion = 46;
	objects = {

/* Begin PBXBuildFile section */
		D6C1490319712D9F00118027 /* Foundation.framework in Frameworks */ = {isa = PBXBuildFile; fileRef = D6C1490219712D9F00118027 /* Foundation.framework */; };
		D6C1490519712D9F00118027 /* CoreGraphics.framework in Frameworks */ = {isa = PBXBuildFile; fileRef = D6C1490419712D9F00118027 /* CoreGraphics.framework */; };
		D6C1490719712D9F00118027 /* UIKit.framework in Frameworks */ = {isa = PBXBuildFile; fileRef = D6C1490619712D9F00118027 /* UIKit.framework */; };
		D6C1490D19712D9F00118027 /* InfoPlist.strings in Resources */ = {isa = PBXBuildFile; fileRef = D6C1490B19712D9F00118027 /* InfoPlist.strings */; };
		D6C1490F19712D9F00118027 /* main.m in Sources */ = {isa = PBXBuildFile; fileRef = D6C1490E19712D9F00118027 /* main.m */; };
		D6C1491319712D9F00118027 /* MGRAppDelegate.m in Sources */ = {isa = PBXBuildFile; fileRef = D6C1491219712D9F00118027 /* MGRAppDelegate.m */; };
		D6C1491619712D9F00118027 /* Main.storyboard in Resources */ = {isa = PBXBuildFile; fileRef = D6C1491419712D9F00118027 /* Main.storyboard */; };
		D6C1491919712D9F00118027 /* MGRViewController.m in Sources */ = {isa = PBXBuildFile; fileRef = D6C1491819712D9F00118027 /* MGRViewController.m */; };
		D6C1491B19712D9F00118027 /* Images.xcassets in Resources */ = {isa = PBXBuildFile; fileRef = D6C1491A19712D9F00118027 /* Images.xcassets */; };
		D6C1492219712D9F00118027 /* XCTest.framework in Frameworks */ = {isa = PBXBuildFile; fileRef = D6C1492119712D9F00118027 /* XCTest.framework */; };
		D6C1492319712D9F00118027 /* Foundation.framework in Frameworks */ = {isa = PBXBuildFile; fileRef = D6C1490219712D9F00118027 /* Foundation.framework */; };
		D6C1492419712D9F00118027 /* UIKit.framework in Frameworks */ = {isa = PBXBuildFile; fileRef = D6C1490619712D9F00118027 /* UIKit.framework */; };
		D6C1492C19712D9F00118027 /* InfoPlist.strings in Resources */ = {isa = PBXBuildFile; fileRef = D6C1492A19712D9F00118027 /* InfoPlist.strings */; };
		D6C1492E19712D9F00118027 /* iOS_libs_testTests.m in Sources */ = {isa = PBXBuildFile; fileRef = D6C1492D19712D9F00118027 /* iOS_libs_testTests.m */; };
		D6C1493819713A1300118027 /* placeholder.jpg in Resources */ = {isa = PBXBuildFile; fileRef = D6C1493719713A1200118027 /* placeholder.jpg */; };
		D6C1493A1971471F00118027 /* QuartzCore.framework in Frameworks */ = {isa = PBXBuildFile; fileRef = D6C149391971471F00118027 /* QuartzCore.framework */; };
		E6398B7593094B119FDBFD58 /* libPods.a in Frameworks */ = {isa = PBXBuildFile; fileRef = 91525891AFBD4E868D8FE205 /* libPods.a */; };
/* End PBXBuildFile section */

/* Begin PBXContainerItemProxy section */
		D6C1492519712D9F00118027 /* PBXContainerItemProxy */ = {
			isa = PBXContainerItemProxy;
			containerPortal = D6C148F719712D9F00118027 /* Project object */;
			proxyType = 1;
			remoteGlobalIDString = D6C148FE19712D9F00118027;
			remoteInfo = "iOS-libs-test";
		};
/* End PBXContainerItemProxy section */

/* Begin PBXFileReference section */
		4A31FDEC4A944447B2CAF627 /* Pods.xcconfig */ = {isa = PBXFileReference; includeInIndex = 1; lastKnownFileType = text.xcconfig; name = Pods.xcconfig; path = Pods/Pods.xcconfig; sourceTree = "<group>"; };
		91525891AFBD4E868D8FE205 /* libPods.a */ = {isa = PBXFileReference; explicitFileType = archive.ar; includeInIndex = 0; path = libPods.a; sourceTree = BUILT_PRODUCTS_DIR; };
		D6C148FF19712D9F00118027 /* iOS-libs-test.app */ = {isa = PBXFileReference; explicitFileType = wrapper.application; includeInIndex = 0; path = "iOS-libs-test.app"; sourceTree = BUILT_PRODUCTS_DIR; };
		D6C1490219712D9F00118027 /* Foundation.framework */ = {isa = PBXFileReference; lastKnownFileType = wrapper.framework; name = Foundation.framework; path = System/Library/Frameworks/Foundation.framework; sourceTree = SDKROOT; };
		D6C1490419712D9F00118027 /* CoreGraphics.framework */ = {isa = PBXFileReference; lastKnownFileType = wrapper.framework; name = CoreGraphics.framework; path = System/Library/Frameworks/CoreGraphics.framework; sourceTree = SDKROOT; };
		D6C1490619712D9F00118027 /* UIKit.framework */ = {isa = PBXFileReference; lastKnownFileType = wrapper.framework; name = UIKit.framework; path = System/Library/Frameworks/UIKit.framework; sourceTree = SDKROOT; };
		D6C1490A19712D9F00118027 /* iOS-libs-test-Info.plist */ = {isa = PBXFileReference; lastKnownFileType = text.plist.xml; path = "iOS-libs-test-Info.plist"; sourceTree = "<group>"; };
		D6C1490C19712D9F00118027 /* en */ = {isa = PBXFileReference; lastKnownFileType = text.plist.strings; name = en; path = en.lproj/InfoPlist.strings; sourceTree = "<group>"; };
		D6C1490E19712D9F00118027 /* main.m */ = {isa = PBXFileReference; lastKnownFileType = sourcecode.c.objc; path = main.m; sourceTree = "<group>"; };
		D6C1491019712D9F00118027 /* iOS-libs-test-Prefix.pch */ = {isa = PBXFileReference; lastKnownFileType = sourcecode.c.h; path = "iOS-libs-test-Prefix.pch"; sourceTree = "<group>"; };
		D6C1491119712D9F00118027 /* MGRAppDelegate.h */ = {isa = PBXFileReference; lastKnownFileType = sourcecode.c.h; path = MGRAppDelegate.h; sourceTree = "<group>"; };
		D6C1491219712D9F00118027 /* MGRAppDelegate.m */ = {isa = PBXFileReference; lastKnownFileType = sourcecode.c.objc; path = MGRAppDelegate.m; sourceTree = "<group>"; };
		D6C1491519712D9F00118027 /* Base */ = {isa = PBXFileReference; lastKnownFileType = file.storyboard; name = Base; path = Base.lproj/Main.storyboard; sourceTree = "<group>"; };
		D6C1491719712D9F00118027 /* MGRViewController.h */ = {isa = PBXFileReference; lastKnownFileType = sourcecode.c.h; path = MGRViewController.h; sourceTree = "<group>"; };
		D6C1491819712D9F00118027 /* MGRViewController.m */ = {isa = PBXFileReference; lastKnownFileType = sourcecode.c.objc; path = MGRViewController.m; sourceTree = "<group>"; };
		D6C1491A19712D9F00118027 /* Images.xcassets */ = {isa = PBXFileReference; lastKnownFileType = folder.assetcatalog; path = Images.xcassets; sourceTree = "<group>"; };
		D6C1492019712D9F00118027 /* iOS-libs-testTests.xctest */ = {isa = PBXFileReference; explicitFileType = wrapper.cfbundle; includeInIndex = 0; path = "iOS-libs-testTests.xctest"; sourceTree = BUILT_PRODUCTS_DIR; };
		D6C1492119712D9F00118027 /* XCTest.framework */ = {isa = PBXFileReference; lastKnownFileType = wrapper.framework; name = XCTest.framework; path = Library/Frameworks/XCTest.framework; sourceTree = DEVELOPER_DIR; };
		D6C1492919712D9F00118027 /* iOS-libs-testTests-Info.plist */ = {isa = PBXFileReference; lastKnownFileType = text.plist.xml; path = "iOS-libs-testTests-Info.plist"; sourceTree = "<group>"; };
		D6C1492B19712D9F00118027 /* en */ = {isa = PBXFileReference; lastKnownFileType = text.plist.strings; name = en; path = en.lproj/InfoPlist.strings; sourceTree = "<group>"; };
		D6C1492D19712D9F00118027 /* iOS_libs_testTests.m */ = {isa = PBXFileReference; lastKnownFileType = sourcecode.c.objc; path = iOS_libs_testTests.m; sourceTree = "<group>"; };
		D6C1493719713A1200118027 /* placeholder.jpg */ = {isa = PBXFileReference; lastKnownFileType = image.jpeg; path = placeholder.jpg; sourceTree = "<group>"; };
		D6C149391971471F00118027 /* QuartzCore.framework */ = {isa = PBXFileReference; lastKnownFileType = wrapper.framework; name = QuartzCore.framework; path = System/Library/Frameworks/QuartzCore.framework; sourceTree = SDKROOT; };
/* End PBXFileReference section */

/* Begin PBXFrameworksBuildPhase section */
		D6C148FC19712D9F00118027 /* Frameworks */ = {
			isa = PBXFrameworksBuildPhase;
			buildActionMask = 2147483647;
			files = (
				D6C1493A1971471F00118027 /* QuartzCore.framework in Frameworks */,
				D6C1490519712D9F00118027 /* CoreGraphics.framework in Frameworks */,
				D6C1490719712D9F00118027 /* UIKit.framework in Frameworks */,
				D6C1490319712D9F00118027 /* Foundation.framework in Frameworks */,
				E6398B7593094B119FDBFD58 /* libPods.a in Frameworks */,
			);
			runOnlyForDeploymentPostprocessing = 0;
		};
		D6C1491D19712D9F00118027 /* Frameworks */ = {
			isa = PBXFrameworksBuildPhase;
			buildActionMask = 2147483647;
			files = (
				D6C1492219712D9F00118027 /* XCTest.framework in Frameworks */,
				D6C1492419712D9F00118027 /* UIKit.framework in Frameworks */,
				D6C1492319712D9F00118027 /* Foundation.framework in Frameworks */,
			);
			runOnlyForDeploymentPostprocessing = 0;
		};
/* End PBXFrameworksBuildPhase section */

/* Begin PBXGroup section */
		D6C148F619712D9F00118027 = {
			isa = PBXGroup;
			children = (
				D6C1490819712D9F00118027 /* iOS-libs-test */,
				D6C1492719712D9F00118027 /* iOS-libs-testTests */,
				D6C1490119712D9F00118027 /* Frameworks */,
				D6C1490019712D9F00118027 /* Products */,
				4A31FDEC4A944447B2CAF627 /* Pods.xcconfig */,
			);
			sourceTree = "<group>";
		};
		D6C1490019712D9F00118027 /* Products */ = {
			isa = PBXGroup;
			children = (
				D6C148FF19712D9F00118027 /* iOS-libs-test.app */,
				D6C1492019712D9F00118027 /* iOS-libs-testTests.xctest */,
			);
			name = Products;
			sourceTree = "<group>";
		};
		D6C1490119712D9F00118027 /* Frameworks */ = {
			isa = PBXGroup;
			children = (
				D6C149391971471F00118027 /* QuartzCore.framework */,
				D6C1490219712D9F00118027 /* Foundation.framework */,
				D6C1490419712D9F00118027 /* CoreGraphics.framework */,
				D6C1490619712D9F00118027 /* UIKit.framework */,
				D6C1492119712D9F00118027 /* XCTest.framework */,
				91525891AFBD4E868D8FE205 /* libPods.a */,
			);
			name = Frameworks;
			sourceTree = "<group>";
		};
		D6C1490819712D9F00118027 /* iOS-libs-test */ = {
			isa = PBXGroup;
			children = (
				D6C1493719713A1200118027 /* placeholder.jpg */,
				D6C1491119712D9F00118027 /* MGRAppDelegate.h */,
				D6C1491219712D9F00118027 /* MGRAppDelegate.m */,
				D6C1491419712D9F00118027 /* Main.storyboard */,
				D6C1491719712D9F00118027 /* MGRViewController.h */,
				D6C1491819712D9F00118027 /* MGRViewController.m */,
				D6C1491A19712D9F00118027 /* Images.xcassets */,
				D6C1490919712D9F00118027 /* Supporting Files */,
			);
			path = "iOS-libs-test";
			sourceTree = "<group>";
		};
		D6C1490919712D9F00118027 /* Supporting Files */ = {
			isa = PBXGroup;
			children = (
				D6C1490A19712D9F00118027 /* iOS-libs-test-Info.plist */,
				D6C1490B19712D9F00118027 /* InfoPlist.strings */,
				D6C1490E19712D9F00118027 /* main.m */,
				D6C1491019712D9F00118027 /* iOS-libs-test-Prefix.pch */,
			);
			name = "Supporting Files";
			sourceTree = "<group>";
		};
		D6C1492719712D9F00118027 /* iOS-libs-testTests */ = {
			isa = PBXGroup;
			children = (
				D6C1492D19712D9F00118027 /* iOS_libs_testTests.m */,
				D6C1492819712D9F00118027 /* Supporting Files */,
			);
			path = "iOS-libs-testTests";
			sourceTree = "<group>";
		};
		D6C1492819712D9F00118027 /* Supporting Files */ = {
			isa = PBXGroup;
			children = (
				D6C1492919712D9F00118027 /* iOS-libs-testTests-Info.plist */,
				D6C1492A19712D9F00118027 /* InfoPlist.strings */,
			);
			name = "Supporting Files";
			sourceTree = "<group>";
		};
/* End PBXGroup section */

/* Begin PBXNativeTarget section */
		D6C148FE19712D9F00118027 /* iOS-libs-test */ = {
			isa = PBXNativeTarget;
			buildConfigurationList = D6C1493119712D9F00118027 /* Build configuration list for PBXNativeTarget "iOS-libs-test" */;
			buildPhases = (
				893A392EFDBC4BD39FEFE107 /* Check Pods Manifest.lock */,
				D6C148FB19712D9F00118027 /* Sources */,
				D6C148FC19712D9F00118027 /* Frameworks */,
				D6C148FD19712D9F00118027 /* Resources */,
				27C61E84161C43249AD9C1FB /* Copy Pods Resources */,
			);
			buildRules = (
			);
			dependencies = (
			);
			name = "iOS-libs-test";
			productName = "iOS-libs-test";
			productReference = D6C148FF19712D9F00118027 /* iOS-libs-test.app */;
			productType = "com.apple.product-type.application";
		};
		D6C1491F19712D9F00118027 /* iOS-libs-testTests */ = {
			isa = PBXNativeTarget;
			buildConfigurationList = D6C1493419712D9F00118027 /* Build configuration list for PBXNativeTarget "iOS-libs-testTests" */;
			buildPhases = (
				D6C1491C19712D9F00118027 /* Sources */,
				D6C1491D19712D9F00118027 /* Frameworks */,
				D6C1491E19712D9F00118027 /* Resources */,
			);
			buildRules = (
			);
			dependencies = (
				D6C1492619712D9F00118027 /* PBXTargetDependency */,
			);
			name = "iOS-libs-testTests";
			productName = "iOS-libs-testTests";
			productReference = D6C1492019712D9F00118027 /* iOS-libs-testTests.xctest */;
			productType = "com.apple.product-type.bundle.unit-test";
		};
/* End PBXNativeTarget section */

/* Begin PBXProject section */
		D6C148F719712D9F00118027 /* Project object */ = {
			isa = PBXProject;
			attributes = {
				CLASSPREFIX = MGR;
				LastUpgradeCheck = 0510;
				ORGANIZATIONNAME = "shunsuke sato";
				TargetAttributes = {
					D6C1491F19712D9F00118027 = {
						TestTargetID = D6C148FE19712D9F00118027;
					};
				};
			};
			buildConfigurationList = D6C148FA19712D9F00118027 /* Build configuration list for PBXProject "iOS-libs-test" */;
			compatibilityVersion = "Xcode 3.2";
			developmentRegion = English;
			hasScannedForEncodings = 0;
			knownRegions = (
				en,
				Base,
			);
			mainGroup = D6C148F619712D9F00118027;
			productRefGroup = D6C1490019712D9F00118027 /* Products */;
			projectDirPath = "";
			projectRoot = "";
			targets = (
				D6C148FE19712D9F00118027 /* iOS-libs-test */,
				D6C1491F19712D9F00118027 /* iOS-libs-testTests */,
			);
		};
/* End PBXProject section */

/* Begin PBXResourcesBuildPhase section */
		D6C148FD19712D9F00118027 /* Resources */ = {
			isa = PBXResourcesBuildPhase;
			buildActionMask = 2147483647;
			files = (
				D6C1491B19712D9F00118027 /* Images.xcassets in Resources */,
				D6C1493819713A1300118027 /* placeholder.jpg in Resources */,
				D6C1490D19712D9F00118027 /* InfoPlist.strings in Resources */,
				D6C1491619712D9F00118027 /* Main.storyboard in Resources */,
			);
			runOnlyForDeploymentPostprocessing = 0;
		};
		D6C1491E19712D9F00118027 /* Resources */ = {
			isa = PBXResourcesBuildPhase;
			buildActionMask = 2147483647;
			files = (
				D6C1492C19712D9F00118027 /* InfoPlist.strings in Resources */,
			);
			runOnlyForDeploymentPostprocessing = 0;
		};
/* End PBXResourcesBuildPhase section */

/* Begin PBXShellScriptBuildPhase section */
		27C61E84161C43249AD9C1FB /* Copy Pods Resources */ = {
			isa = PBXShellScriptBuildPhase;
			buildActionMask = 2147483647;
			files = (
			);
			inputPaths = (
			);
			name = "Copy Pods Resources";
			outputPaths = (
			);
			runOnlyForDeploymentPostprocessing = 0;
			shellPath = /bin/sh;
			shellScript = "\"${SRCROOT}/Pods/Pods-resources.sh\"\n";
			showEnvVarsInLog = 0;
		};
		893A392EFDBC4BD39FEFE107 /* Check Pods Manifest.lock */ = {
			isa = PBXShellScriptBuildPhase;
			buildActionMask = 2147483647;
			files = (
			);
			inputPaths = (
			);
			name = "Check Pods Manifest.lock";
			outputPaths = (
			);
			runOnlyForDeploymentPostprocessing = 0;
			shellPath = /bin/sh;
			shellScript = "diff \"${PODS_ROOT}/../Podfile.lock\" \"${PODS_ROOT}/Manifest.lock\" > /dev/null\nif [[ $? != 0 ]] ; then\n    cat << EOM\nerror: The sandbox is not in sync with the Podfile.lock. Run 'pod install' or update your CocoaPods installation.\nEOM\n    exit 1\nfi\n";
			showEnvVarsInLog = 0;
		};
/* End PBXShellScriptBuildPhase section */

/* Begin PBXSourcesBuildPhase section */
		D6C148FB19712D9F00118027 /* Sources */ = {
			isa = PBXSourcesBuildPhase;
			buildActionMask = 2147483647;
			files = (
				D6C1491919712D9F00118027 /* MGRViewController.m in Sources */,
				D6C1490F19712D9F00118027 /* main.m in Sources */,
				D6C1491319712D9F00118027 /* MGRAppDelegate.m in Sources */,
			);
			runOnlyForDeploymentPostprocessing = 0;
		};
		D6C1491C19712D9F00118027 /* Sources */ = {
			isa = PBXSourcesBuildPhase;
			buildActionMask = 2147483647;
			files = (
				D6C1492E19712D9F00118027 /* iOS_libs_testTests.m in Sources */,
			);
			runOnlyForDeploymentPostprocessing = 0;
		};
/* End PBXSourcesBuildPhase section */

/* Begin PBXTargetDependency section */
		D6C1492619712D9F00118027 /* PBXTargetDependency */ = {
			isa = PBXTargetDependency;
			target = D6C148FE19712D9F00118027 /* iOS-libs-test */;
			targetProxy = D6C1492519712D9F00118027 /* PBXContainerItemProxy */;
		};
/* End PBXTargetDependency section */

/* Begin PBXVariantGroup section */
		D6C1490B19712D9F00118027 /* InfoPlist.strings */ = {
			isa = PBXVariantGroup;
			children = (
				D6C1490C19712D9F00118027 /* en */,
			);
			name = InfoPlist.strings;
			sourceTree = "<group>";
		};
		D6C1491419712D9F00118027 /* Main.storyboard */ = {
			isa = PBXVariantGroup;
			children = (
				D6C1491519712D9F00118027 /* Base */,
			);
			name = Main.storyboard;
			sourceTree = "<group>";
		};
		D6C1492A19712D9F00118027 /* InfoPlist.strings */ = {
			isa = PBXVariantGroup;
			children = (
				D6C1492B19712D9F00118027 /* en */,
			);
			name = InfoPlist.strings;
			sourceTree = "<group>";
		};
/* End PBXVariantGroup section */

/* Begin XCBuildConfiguration section */
		D6C1492F19712D9F00118027 /* Debug */ = {
			isa = XCBuildConfiguration;
			buildSettings = {
				ALWAYS_SEARCH_USER_PATHS = NO;
				CLANG_CXX_LANGUAGE_STANDARD = "gnu++0x";
				CLANG_CXX_LIBRARY = "libc++";
				CLANG_ENABLE_MODULES = YES;
				CLANG_ENABLE_OBJC_ARC = YES;
				CLANG_WARN_BOOL_CONVERSION = YES;
				CLANG_WARN_CONSTANT_CONVERSION = YES;
				CLANG_WARN_DIRECT_OBJC_ISA_USAGE = YES_ERROR;
				CLANG_WARN_EMPTY_BODY = YES;
				CLANG_WARN_ENUM_CONVERSION = YES;
				CLANG_WARN_INT_CONVERSION = YES;
				CLANG_WARN_OBJC_ROOT_CLASS = YES_ERROR;
				CLANG_WARN__DUPLICATE_METHOD_MATCH = YES;
				"CODE_SIGN_IDENTITY[sdk=iphoneos*]" = "iPhone Developer";
				COPY_PHASE_STRIP = NO;
				GCC_C_LANGUAGE_STANDARD = gnu99;
				GCC_DYNAMIC_NO_PIC = NO;
				GCC_OPTIMIZATION_LEVEL = 0;
				GCC_PREPROCESSOR_DEFINITIONS = (
					"DEBUG=1",
					"$(inherited)",
				);
				GCC_SYMBOLS_PRIVATE_EXTERN = NO;
				GCC_WARN_64_TO_32_BIT_CONVERSION = YES;
				GCC_WARN_ABOUT_RETURN_TYPE = YES_ERROR;
				GCC_WARN_UNDECLARED_SELECTOR = YES;
				GCC_WARN_UNINITIALIZED_AUTOS = YES_AGGRESSIVE;
				GCC_WARN_UNUSED_FUNCTION = YES;
				GCC_WARN_UNUSED_VARIABLE = YES;
				IPHONEOS_DEPLOYMENT_TARGET = 7.1;
				ONLY_ACTIVE_ARCH = YES;
				SDKROOT = iphoneos;
			};
			name = Debug;
		};
		D6C1493019712D9F00118027 /* Release */ = {
			isa = XCBuildConfiguration;
			buildSettings = {
				ALWAYS_SEARCH_USER_PATHS = NO;
				CLANG_CXX_LANGUAGE_STANDARD = "gnu++0x";
				CLANG_CXX_LIBRARY = "libc++";
				CLANG_ENABLE_MODULES = YES;
				CLANG_ENABLE_OBJC_ARC = YES;
				CLANG_WARN_BOOL_CONVERSION = YES;
				CLANG_WARN_CONSTANT_CONVERSION = YES;
				CLANG_WARN_DIRECT_OBJC_ISA_USAGE = YES_ERROR;
				CLANG_WARN_EMPTY_BODY = YES;
				CLANG_WARN_ENUM_CONVERSION = YES;
				CLANG_WARN_INT_CONVERSION = YES;
				CLANG_WARN_OBJC_ROOT_CLASS = YES_ERROR;
				CLANG_WARN__DUPLICATE_METHOD_MATCH = YES;
				"CODE_SIGN_IDENTITY[sdk=iphoneos*]" = "iPhone Developer";
				COPY_PHASE_STRIP = YES;
				ENABLE_NS_ASSERTIONS = NO;
				GCC_C_LANGUAGE_STANDARD = gnu99;
				GCC_WARN_64_TO_32_BIT_CONVERSION = YES;
				GCC_WARN_ABOUT_RETURN_TYPE = YES_ERROR;
				GCC_WARN_UNDECLARED_SELECTOR = YES;
				GCC_WARN_UNINITIALIZED_AUTOS = YES_AGGRESSIVE;
				GCC_WARN_UNUSED_FUNCTION = YES;
				GCC_WARN_UNUSED_VARIABLE = YES;
				IPHONEOS_DEPLOYMENT_TARGET = 7.1;
				SDKROOT = iphoneos;
				VALIDATE_PRODUCT = YES;
			};
			name = Release;
		};
		D6C1493219712D9F00118027 /* Debug */ = {
			isa = XCBuildConfiguration;
			baseConfigurationReference = 4A31FDEC4A944447B2CAF627 /* Pods.xcconfig */;
			buildSettings = {
				ASSETCATALOG_COMPILER_APPICON_NAME = AppIcon;
				ASSETCATALOG_COMPILER_LAUNCHIMAGE_NAME = LaunchImage;
				GCC_PRECOMPILE_PREFIX_HEADER = YES;
				GCC_PREFIX_HEADER = "iOS-libs-test/iOS-libs-test-Prefix.pch";
				INFOPLIST_FILE = "iOS-libs-test/iOS-libs-test-Info.plist";
				PRODUCT_NAME = "$(TARGET_NAME)";
				WRAPPER_EXTENSION = app;
			};
			name = Debug;
		};
		D6C1493319712D9F00118027 /* Release */ = {
			isa = XCBuildConfiguration;
			baseConfigurationReference = 4A31FDEC4A944447B2CAF627 /* Pods.xcconfig */;
			buildSettings = {
				ASSETCATALOG_COMPILER_APPICON_NAME = AppIcon;
				ASSETCATALOG_COMPILER_LAUNCHIMAGE_NAME = LaunchImage;
				GCC_PRECOMPILE_PREFIX_HEADER = YES;
				GCC_PREFIX_HEADER = "iOS-libs-test/iOS-libs-test-Prefix.pch";
				INFOPLIST_FILE = "iOS-libs-test/iOS-libs-test-Info.plist";
				PRODUCT_NAME = "$(TARGET_NAME)";
				WRAPPER_EXTENSION = app;
			};
			name = Release;
		};
		D6C1493519712D9F00118027 /* Debug */ = {
			isa = XCBuildConfiguration;
			buildSettings = {
				BUNDLE_LOADER = "$(BUILT_PRODUCTS_DIR)/iOS-libs-test.app/iOS-libs-test";
				FRAMEWORK_SEARCH_PATHS = (
					"$(SDKROOT)/Developer/Library/Frameworks",
					"$(inherited)",
					"$(DEVELOPER_FRAMEWORKS_DIR)",
				);
				GCC_PRECOMPILE_PREFIX_HEADER = YES;
				GCC_PREFIX_HEADER = "iOS-libs-test/iOS-libs-test-Prefix.pch";
				GCC_PREPROCESSOR_DEFINITIONS = (
					"DEBUG=1",
					"$(inherited)",
				);
				INFOPLIST_FILE = "iOS-libs-testTests/iOS-libs-testTests-Info.plist";
				PRODUCT_NAME = "$(TARGET_NAME)";
				TEST_HOST = "$(BUNDLE_LOADER)";
				WRAPPER_EXTENSION = xctest;
			};
			name = Debug;
		};
		D6C1493619712D9F00118027 /* Release */ = {
			isa = XCBuildConfiguration;
			buildSettings = {
				BUNDLE_LOADER = "$(BUILT_PRODUCTS_DIR)/iOS-libs-test.app/iOS-libs-test";
				FRAMEWORK_SEARCH_PATHS = (
					"$(SDKROOT)/Developer/Library/Frameworks",
					"$(inherited)",
					"$(DEVELOPER_FRAMEWORKS_DIR)",
				);
				GCC_PRECOMPILE_PREFIX_HEADER = YES;
				GCC_PREFIX_HEADER = "iOS-libs-test/iOS-libs-test-Prefix.pch";
				INFOPLIST_FILE = "iOS-libs-testTests/iOS-libs-testTests-Info.plist";
				PRODUCT_NAME = "$(TARGET_NAME)";
				TEST_HOST = "$(BUNDLE_LOADER)";
				WRAPPER_EXTENSION = xctest;
			};
			name = Release;
		};
/* End XCBuildConfiguration section */

/* Begin XCConfigurationList section */
		D6C148FA19712D9F00118027 /* Build configuration list for PBXProject "iOS-libs-test" */ = {
			isa = XCConfigurationList;
			buildConfigurations = (
				D6C1492F19712D9F00118027 /* Debug */,
				D6C1493019712D9F00118027 /* Release */,
			);
			defaultConfigurationIsVisible = 0;
			defaultConfigurationName = Release;
		};
		D6C1493119712D9F00118027 /* Build configuration list for PBXNativeTarget "iOS-libs-test" */ = {
			isa = XCConfigurationList;
			buildConfigurations = (
				D6C1493219712D9F00118027 /* Debug */,
				D6C1493319712D9F00118027 /* Release */,
			);
			defaultConfigurationIsVisible = 0;
			defaultConfigurationName = Release;
		};
		D6C1493419712D9F00118027 /* Build configuration list for PBXNativeTarget "iOS-libs-testTests" */ = {
			isa = XCConfigurationList;
			buildConfigurations = (
				D6C1493519712D9F00118027 /* Debug */,
				D6C1493619712D9F00118027 /* Release */,
			);
			defaultConfigurationIsVisible = 0;
			defaultConfigurationName = Release;
		};
/* End XCConfigurationList section */
	};
	rootObject = D6C148F719712D9F00118027 /* Project object */;
}
